
Microsoft Visual Studio Solution File, Format Version 12.00
# Visual Studio 14
VisualStudioVersion = 14.0.25123.0
MinimumVisualStudioVersion = 10.0.40219.1
Project("{FAE04EC0-301F-11D3-BF4B-00C04F79EFBC}") = "SignalRDemo", "SignalRDemo\SignalRDemo.csproj", "{AEE78828-ED02-47D3-AF0C-45B295BAC107}"
EndProject
Project("{2150E333-8FDC-42A3-9474-1A3956D46DE8}") = "Solution Items", "Solution Items", "{29B2184D-F4B8-4072-B4ED-E35B12F5D45A}"
	ProjectSection(SolutionItems) = preProject
		README.md = README.md
	EndProjectSection
EndProject
Global
	GlobalSection(SolutionConfigurationPlatforms) = preSolution
		Debug|Any CPU = Debug|Any CPU
		Release|Any CPU = Release|Any CPU
	EndGlobalSection
	GlobalSection(ProjectConfigurationPlatforms) = postSolution
		{AEE78828-ED02-47D3-AF0C-45B295BAC107}.Debug|Any CPU.ActiveCfg = Debug|Any CPU
		{AEE78828-ED02-47D3-AF0C-45B295BAC107}.Debug|Any CPU.Build.0 = Debug|Any CPU
		{AEE78828-ED02-47D3-AF0C-45B295BAC107}.Release|Any CPU.ActiveCfg = Release|Any CPU
		{AEE78828-ED02-47D3-AF0C-45B295BAC107}.Release|Any CPU.Build.0 = Release|Any CPU
	EndGlobalSection
	GlobalSection(SolutionProperties) = preSolution
		HideSolutionNode = FALSE
	EndGlobalSection
EndGlobal
